
Microsoft Visual Studio Solution File, Format Version 12.00
# Visual Studio Version 17
VisualStudioVersion = 17.3.32901.215
MinimumVisualStudioVersion = 10.0.40219.1
Project("{FAE04EC0-301F-11D3-BF4B-00C04F79EFBC}") = "P5_3_1214070", "P5_3_1214070\P5_3_1214070.csproj", "{52F8C93C-BB3E-4B49-B8BF-5A9378FD0593}"
EndProject
Global
	GlobalSection(SolutionConfigurationPlatforms) = preSolution
		Debug|Any CPU = Debug|Any CPU
		Release|Any CPU = Release|Any CPU
	EndGlobalSection
	GlobalSection(ProjectConfigurationPlatforms) = postSolution
		{52F8C93C-BB3E-4B49-B8BF-5A9378FD0593}.Debug|Any CPU.ActiveCfg = Debug|Any CPU
		{52F8C93C-BB3E-4B49-B8BF-5A9378FD0593}.Debug|Any CPU.Build.0 = Debug|Any CPU
		{52F8C93C-BB3E-4B49-B8BF-5A9378FD0593}.Release|Any CPU.ActiveCfg = Release|Any CPU
		{52F8C93C-BB3E-4B49-B8BF-5A9378FD0593}.Release|Any CPU.Build.0 = Release|Any CPU
	EndGlobalSection
	GlobalSection(SolutionProperties) = preSolution
		HideSolutionNode = FALSE
	EndGlobalSection
	GlobalSection(ExtensibilityGlobals) = postSolution
		SolutionGuid = {C701E449-F5B3-4578-9165-EF1F3E6474DD}
	EndGlobalSection
EndGlobal
