
Microsoft Visual Studio Solution File, Format Version 12.00
# Visual Studio Version 17
VisualStudioVersion = 17.3.32901.215
MinimumVisualStudioVersion = 10.0.40219.1
Project("{FAE04EC0-301F-11D3-BF4B-00C04F79EFBC}") = "P3_3_1214070", "P3_3_1214070\P3_3_1214070.csproj", "{7BD24513-0C8A-4B5A-8D8F-294623A48379}"
EndProject
Global
	GlobalSection(SolutionConfigurationPlatforms) = preSolution
		Debug|Any CPU = Debug|Any CPU
		Release|Any CPU = Release|Any CPU
	EndGlobalSection
	GlobalSection(ProjectConfigurationPlatforms) = postSolution
		{7BD24513-0C8A-4B5A-8D8F-294623A48379}.Debug|Any CPU.ActiveCfg = Debug|Any CPU
		{7BD24513-0C8A-4B5A-8D8F-294623A48379}.Debug|Any CPU.Build.0 = Debug|Any CPU
		{7BD24513-0C8A-4B5A-8D8F-294623A48379}.Release|Any CPU.ActiveCfg = Release|Any CPU
		{7BD24513-0C8A-4B5A-8D8F-294623A48379}.Release|Any CPU.Build.0 = Release|Any CPU
	EndGlobalSection
	GlobalSection(SolutionProperties) = preSolution
		HideSolutionNode = FALSE
	EndGlobalSection
	GlobalSection(ExtensibilityGlobals) = postSolution
		SolutionGuid = {A0EC7DA1-CDE3-45E9-8440-DCECEBD67375}
	EndGlobalSection
EndGlobal
