
Microsoft Visual Studio Solution File, Format Version 12.00
# Visual Studio Version 17
VisualStudioVersion = 17.3.32901.215
MinimumVisualStudioVersion = 10.0.40219.1
Project("{FAE04EC0-301F-11D3-BF4B-00C04F79EFBC}") = "Latihan 1", "Latihan 1\Latihan 1.csproj", "{327FA826-9060-4476-BDF6-9EDC09268A4D}"
EndProject
Global
	GlobalSection(SolutionConfigurationPlatforms) = preSolution
		Debug|Any CPU = Debug|Any CPU
		Release|Any CPU = Release|Any CPU
	EndGlobalSection
	GlobalSection(ProjectConfigurationPlatforms) = postSolution
		{327FA826-9060-4476-BDF6-9EDC09268A4D}.Debug|Any CPU.ActiveCfg = Debug|Any CPU
		{327FA826-9060-4476-BDF6-9EDC09268A4D}.Debug|Any CPU.Build.0 = Debug|Any CPU
		{327FA826-9060-4476-BDF6-9EDC09268A4D}.Release|Any CPU.ActiveCfg = Release|Any CPU
		{327FA826-9060-4476-BDF6-9EDC09268A4D}.Release|Any CPU.Build.0 = Release|Any CPU
	EndGlobalSection
	GlobalSection(SolutionProperties) = preSolution
		HideSolutionNode = FALSE
	EndGlobalSection
	GlobalSection(ExtensibilityGlobals) = postSolution
		SolutionGuid = {252DA690-8032-4154-B1E4-B660C8F2FE89}
	EndGlobalSection
EndGlobal
